
Microsoft Visual Studio Solution File, Format Version 12.00
# Visual Studio Version 17
VisualStudioVersion = 17.5.002.0
MinimumVisualStudioVersion = 10.0.40219.1
Project("{9A19103F-16F7-4668-BE54-9A1E7A4F7556}") = "4a-unityproject-alexscott06", "4a-unityproject-alexscott06.csproj", "{B78053D6-23E4-48CB-AC13-FA434A1BDDBA}"
EndProject
Project("{9A19103F-16F7-4668-BE54-9A1E7A4F7556}") = "testproject", "testproject\testproject.csproj", "{CAAC2C77-A3EF-4EB1-8C5E-94383A1D64B4}"
EndProject
Global
	GlobalSection(SolutionConfigurationPlatforms) = preSolution
		Debug|Any CPU = Debug|Any CPU
		Release|Any CPU = Release|Any CPU
	EndGlobalSection
	GlobalSection(ProjectConfigurationPlatforms) = postSolution
		{B78053D6-23E4-48CB-AC13-FA434A1BDDBA}.Debug|Any CPU.ActiveCfg = Debug|Any CPU
		{B78053D6-23E4-48CB-AC13-FA434A1BDDBA}.Debug|Any CPU.Build.0 = Debug|Any CPU
		{B78053D6-23E4-48CB-AC13-FA434A1BDDBA}.Release|Any CPU.ActiveCfg = Release|Any CPU
		{B78053D6-23E4-48CB-AC13-FA434A1BDDBA}.Release|Any CPU.Build.0 = Release|Any CPU
		{CAAC2C77-A3EF-4EB1-8C5E-94383A1D64B4}.Debug|Any CPU.ActiveCfg = Debug|Any CPU
		{CAAC2C77-A3EF-4EB1-8C5E-94383A1D64B4}.Debug|Any CPU.Build.0 = Debug|Any CPU
		{CAAC2C77-A3EF-4EB1-8C5E-94383A1D64B4}.Release|Any CPU.ActiveCfg = Release|Any CPU
		{CAAC2C77-A3EF-4EB1-8C5E-94383A1D64B4}.Release|Any CPU.Build.0 = Release|Any CPU
	EndGlobalSection
	GlobalSection(SolutionProperties) = preSolution
		HideSolutionNode = FALSE
	EndGlobalSection
	GlobalSection(ExtensibilityGlobals) = postSolution
		SolutionGuid = {18EA7075-BF1B-4034-B22A-A135415BB359}
	EndGlobalSection
EndGlobal
